// !$*UTF8*$!
{
	archiveVersion = 1;
	classes = {
	};
	objectVersion = 55;
	objects = {

/* Begin PBXBuildFile section */
		153A8816280F19B900A9DA25 /* CoreAudio.framework in Frameworks */ = {isa = PBXBuildFile; fileRef = 153A8815280F19B900A9DA25 /* CoreAudio.framework */; };
		153A881A280F19C700A9DA25 /* OpenGL.framework in Frameworks */ = {isa = PBXBuildFile; fileRef = 153A8819280F19C700A9DA25 /* OpenGL.framework */; };
		153A881C280F19D000A9DA25 /* CoreMedia.framework in Frameworks */ = {isa = PBXBuildFile; fileRef = 153A881B280F19D000A9DA25 /* CoreMedia.framework */; };
		153A881E280F19E600A9DA25 /* AudioToolbox.framework in Frameworks */ = {isa = PBXBuildFile; fileRef = 153A881D280F19E600A9DA25 /* AudioToolbox.framework */; };
		153A8820280F19EC00A9DA25 /* AVFoundation.framework in Frameworks */ = {isa = PBXBuildFile; fileRef = 153A881F280F19EC00A9DA25 /* AVFoundation.framework */; };
		153A8822280F19FB00A9DA25 /* CoreGraphics.framework in Frameworks */ = {isa = PBXBuildFile; fileRef = 153A8821280F19FB00A9DA25 /* CoreGraphics.framework */; };
		153A8824280F1A0E00A9DA25 /* CoreVideo.framework in Frameworks */ = {isa = PBXBuildFile; fileRef = 153A8823280F1A0E00A9DA25 /* CoreVideo.framework */; };
		153A8826280F1A1400A9DA25 /* VideoToolbox.framework in Frameworks */ = {isa = PBXBuildFile; fileRef = 153A8825280F1A1400A9DA25 /* VideoToolbox.framework */; };
		153A8828280F1A2500A9DA25 /* AppKit.framework in Frameworks */ = {isa = PBXBuildFile; fileRef = 153A8827280F1A2500A9DA25 /* AppKit.framework */; };
		153A882A280F1A2E00A9DA25 /* Metal.framework in Frameworks */ = {isa = PBXBuildFile; fileRef = 153A8829280F1A2E00A9DA25 /* Metal.framework */; };
		153A882B280F1A5200A9DA25 /* GLKit.framework in Frameworks */ = {isa = PBXBuildFile; fileRef = 153A8817280F19BF00A9DA25 /* GLKit.framework */; };
		153A882D280F1A5800A9DA25 /* JavaScriptCore.framework in Frameworks */ = {isa = PBXBuildFile; fileRef = 153A882C280F1A5800A9DA25 /* JavaScriptCore.framework */; };
		153A882F280F1A6D00A9DA25 /* CoreServices.framework in Frameworks */ = {isa = PBXBuildFile; fileRef = 153A882E280F1A6D00A9DA25 /* CoreServices.framework */; };
		153A8831280F1A7700A9DA25 /* MediaPlayer.framework in Frameworks */ = {isa = PBXBuildFile; fileRef = 153A8830280F1A7700A9DA25 /* MediaPlayer.framework */; };
		153A8833280F1A7C00A9DA25 /* MediaToolbox.framework in Frameworks */ = {isa = PBXBuildFile; fileRef = 153A8832280F1A7C00A9DA25 /* MediaToolbox.framework */; };
		153A8837280F1E5800A9DA25 /* GLUT.framework in Frameworks */ = {isa = PBXBuildFile; fileRef = 153A8836280F1E5800A9DA25 /* GLUT.framework */; };
		15D995792802D7490003243D /* BusinessRouteManager.m in Sources */ = {isa = PBXBuildFile; fileRef = 15D995742802D7490003243D /* BusinessRouteManager.m */; };
		15D9957A2802D7490003243D /* BusinessApplicationDelegate.m in Sources */ = {isa = PBXBuildFile; fileRef = 15D995752802D7490003243D /* BusinessApplicationDelegate.m */; };
		15D9957B2802D7490003243D /* BusinessEntranceManager.m in Sources */ = {isa = PBXBuildFile; fileRef = 15D995772802D7490003243D /* BusinessEntranceManager.m */; };
		15DE7BA12802C40700454A64 /* Assets.xcassets in Resources */ = {isa = PBXBuildFile; fileRef = 15DE7BA02802C40700454A64 /* Assets.xcassets */; };
		15DE7BA42802C40700454A64 /* Main.storyboard in Resources */ = {isa = PBXBuildFile; fileRef = 15DE7BA22802C40700454A64 /* Main.storyboard */; };
		15DE7BA62802C40700454A64 /* main.m in Sources */ = {isa = PBXBuildFile; fileRef = 15DE7BA52802C40700454A64 /* main.m */; };
		15E38E1028030F9E00177020 /* HomeViewController.m in Sources */ = {isa = PBXBuildFile; fileRef = 15E38E0E28030F9E00177020 /* HomeViewController.m */; };
		15E38E1128030F9E00177020 /* HomeViewController.xib in Resources */ = {isa = PBXBuildFile; fileRef = 15E38E0F28030F9E00177020 /* HomeViewController.xib */; };
		15E38E1A2803122800177020 /* BusinessLaunchViewController.m in Sources */ = {isa = PBXBuildFile; fileRef = 15E38E182803122800177020 /* BusinessLaunchViewController.m */; };
		15E38E1B2803122800177020 /* BusinessLaunchViewController.xib in Resources */ = {isa = PBXBuildFile; fileRef = 15E38E192803122800177020 /* BusinessLaunchViewController.xib */; };
		FE5D20CA33F12DBABE301D8F /* Pods_QMac.framework in Frameworks */ = {isa = PBXBuildFile; fileRef = 870FFFED99CCAB6690CA6403 /* Pods_QMac.framework */; };
/* End PBXBuildFile section */

/* Begin PBXFileReference section */
		153A8815280F19B900A9DA25 /* CoreAudio.framework */ = {isa = PBXFileReference; lastKnownFileType = wrapper.framework; name = CoreAudio.framework; path = System/Library/Frameworks/CoreAudio.framework; sourceTree = SDKROOT; };
		153A8817280F19BF00A9DA25 /* GLKit.framework */ = {isa = PBXFileReference; lastKnownFileType = wrapper.framework; name = GLKit.framework; path = System/Library/Frameworks/GLKit.framework; sourceTree = SDKROOT; };
		153A8819280F19C700A9DA25 /* OpenGL.framework */ = {isa = PBXFileReference; lastKnownFileType = wrapper.framework; name = OpenGL.framework; path = System/Library/Frameworks/OpenGL.framework; sourceTree = SDKROOT; };
		153A881B280F19D000A9DA25 /* CoreMedia.framework */ = {isa = PBXFileReference; lastKnownFileType = wrapper.framework; name = CoreMedia.framework; path = System/Library/Frameworks/CoreMedia.framework; sourceTree = SDKROOT; };
		153A881D280F19E600A9DA25 /* AudioToolbox.framework */ = {isa = PBXFileReference; lastKnownFileType = wrapper.framework; name = AudioToolbox.framework; path = System/Library/Frameworks/AudioToolbox.framework; sourceTree = SDKROOT; };
		153A881F280F19EC00A9DA25 /* AVFoundation.framework */ = {isa = PBXFileReference; lastKnownFileType = wrapper.framework; name = AVFoundation.framework; path = System/Library/Frameworks/AVFoundation.framework; sourceTree = SDKROOT; };
		153A8821280F19FB00A9DA25 /* CoreGraphics.framework */ = {isa = PBXFileReference; lastKnownFileType = wrapper.framework; name = CoreGraphics.framework; path = System/Library/Frameworks/CoreGraphics.framework; sourceTree = SDKROOT; };
		153A8823280F1A0E00A9DA25 /* CoreVideo.framework */ = {isa = PBXFileReference; lastKnownFileType = wrapper.framework; name = CoreVideo.framework; path = System/Library/Frameworks/CoreVideo.framework; sourceTree = SDKROOT; };
		153A8825280F1A1400A9DA25 /* VideoToolbox.framework */ = {isa = PBXFileReference; lastKnownFileType = wrapper.framework; name = VideoToolbox.framework; path = System/Library/Frameworks/VideoToolbox.framework; sourceTree = SDKROOT; };
		153A8827280F1A2500A9DA25 /* AppKit.framework */ = {isa = PBXFileReference; lastKnownFileType = wrapper.framework; name = AppKit.framework; path = System/Library/Frameworks/AppKit.framework; sourceTree = SDKROOT; };
		153A8829280F1A2E00A9DA25 /* Metal.framework */ = {isa = PBXFileReference; lastKnownFileType = wrapper.framework; name = Metal.framework; path = System/Library/Frameworks/Metal.framework; sourceTree = SDKROOT; };
		153A882C280F1A5800A9DA25 /* JavaScriptCore.framework */ = {isa = PBXFileReference; lastKnownFileType = wrapper.framework; name = JavaScriptCore.framework; path = System/Library/Frameworks/JavaScriptCore.framework; sourceTree = SDKROOT; };
		153A882E280F1A6D00A9DA25 /* CoreServices.framework */ = {isa = PBXFileReference; lastKnownFileType = wrapper.framework; name = CoreServices.framework; path = System/Library/Frameworks/CoreServices.framework; sourceTree = SDKROOT; };
		153A8830280F1A7700A9DA25 /* MediaPlayer.framework */ = {isa = PBXFileReference; lastKnownFileType = wrapper.framework; name = MediaPlayer.framework; path = System/Library/Frameworks/MediaPlayer.framework; sourceTree = SDKROOT; };
		153A8832280F1A7C00A9DA25 /* MediaToolbox.framework */ = {isa = PBXFileReference; lastKnownFileType = wrapper.framework; name = MediaToolbox.framework; path = System/Library/Frameworks/MediaToolbox.framework; sourceTree = SDKROOT; };
		153A8836280F1E5800A9DA25 /* GLUT.framework */ = {isa = PBXFileReference; lastKnownFileType = wrapper.framework; name = GLUT.framework; path = System/Library/Frameworks/GLUT.framework; sourceTree = SDKROOT; };
		15D995712802D7490003243D /* BusinessApplicationDelegate.h */ = {isa = PBXFileReference; fileEncoding = 4; lastKnownFileType = sourcecode.c.h; path = BusinessApplicationDelegate.h; sourceTree = "<group>"; };
		15D995732802D7490003243D /* BusinessRouteManager.h */ = {isa = PBXFileReference; fileEncoding = 4; lastKnownFileType = sourcecode.c.h; path = BusinessRouteManager.h; sourceTree = "<group>"; };
		15D995742802D7490003243D /* BusinessRouteManager.m */ = {isa = PBXFileReference; fileEncoding = 4; lastKnownFileType = sourcecode.c.objc; path = BusinessRouteManager.m; sourceTree = "<group>"; };
		15D995752802D7490003243D /* BusinessApplicationDelegate.m */ = {isa = PBXFileReference; fileEncoding = 4; lastKnownFileType = sourcecode.c.objc; path = BusinessApplicationDelegate.m; sourceTree = "<group>"; };
		15D995772802D7490003243D /* BusinessEntranceManager.m */ = {isa = PBXFileReference; fileEncoding = 4; lastKnownFileType = sourcecode.c.objc; path = BusinessEntranceManager.m; sourceTree = "<group>"; };
		15D995782802D7490003243D /* BusinessEntranceManager.h */ = {isa = PBXFileReference; fileEncoding = 4; lastKnownFileType = sourcecode.c.h; path = BusinessEntranceManager.h; sourceTree = "<group>"; };
		15DD641D280335AD000D5D73 /* zh-Hans */ = {isa = PBXFileReference; lastKnownFileType = text.plist.strings; name = "zh-Hans"; path = "zh-Hans.lproj/Main.strings"; sourceTree = "<group>"; };
		15DE7B972802C40600454A64 /* QMac.app */ = {isa = PBXFileReference; explicitFileType = wrapper.application; includeInIndex = 0; path = QMac.app; sourceTree = BUILT_PRODUCTS_DIR; };
		15DE7BA02802C40700454A64 /* Assets.xcassets */ = {isa = PBXFileReference; lastKnownFileType = folder.assetcatalog; path = Assets.xcassets; sourceTree = "<group>"; };
		15DE7BA32802C40700454A64 /* Base */ = {isa = PBXFileReference; lastKnownFileType = file.storyboard; name = Base; path = Base.lproj/Main.storyboard; sourceTree = "<group>"; };
		15DE7BA52802C40700454A64 /* main.m */ = {isa = PBXFileReference; lastKnownFileType = sourcecode.c.objc; path = main.m; sourceTree = "<group>"; };
		15DE7BA72802C40700454A64 /* QMac.entitlements */ = {isa = PBXFileReference; lastKnownFileType = text.plist.entitlements; path = QMac.entitlements; sourceTree = "<group>"; };
		15DE7D9D2802CA0B00454A64 /* BusinessHeader.h */ = {isa = PBXFileReference; lastKnownFileType = sourcecode.c.h; path = BusinessHeader.h; sourceTree = "<group>"; };
		15DE7D9E2802CA0B00454A64 /* FrameworkHeader.h */ = {isa = PBXFileReference; lastKnownFileType = sourcecode.c.h; path = FrameworkHeader.h; sourceTree = "<group>"; };
		15E38E0428030D6B00177020 /* QMac-Bridging-Header.h */ = {isa = PBXFileReference; lastKnownFileType = sourcecode.c.h; path = "QMac-Bridging-Header.h"; sourceTree = "<group>"; };
		15E38E0D28030F9E00177020 /* HomeViewController.h */ = {isa = PBXFileReference; lastKnownFileType = sourcecode.c.h; path = HomeViewController.h; sourceTree = "<group>"; };
		15E38E0E28030F9E00177020 /* HomeViewController.m */ = {isa = PBXFileReference; lastKnownFileType = sourcecode.c.objc; path = HomeViewController.m; sourceTree = "<group>"; };
		15E38E0F28030F9E00177020 /* HomeViewController.xib */ = {isa = PBXFileReference; lastKnownFileType = file.xib; path = HomeViewController.xib; sourceTree = "<group>"; };
		15E38E172803122800177020 /* BusinessLaunchViewController.h */ = {isa = PBXFileReference; lastKnownFileType = sourcecode.c.h; path = BusinessLaunchViewController.h; sourceTree = "<group>"; };
		15E38E182803122800177020 /* BusinessLaunchViewController.m */ = {isa = PBXFileReference; lastKnownFileType = sourcecode.c.objc; path = BusinessLaunchViewController.m; sourceTree = "<group>"; };
		15E38E192803122800177020 /* BusinessLaunchViewController.xib */ = {isa = PBXFileReference; lastKnownFileType = file.xib; path = BusinessLaunchViewController.xib; sourceTree = "<group>"; };
		870FFFED99CCAB6690CA6403 /* Pods_QMac.framework */ = {isa = PBXFileReference; explicitFileType = wrapper.framework; includeInIndex = 0; path = Pods_QMac.framework; sourceTree = BUILT_PRODUCTS_DIR; };
		A5A991E88A4572BC72B94594 /* Pods-QMac.debug.xcconfig */ = {isa = PBXFileReference; includeInIndex = 1; lastKnownFileType = text.xcconfig; name = "Pods-QMac.debug.xcconfig"; path = "Target Support Files/Pods-QMac/Pods-QMac.debug.xcconfig"; sourceTree = "<group>"; };
		F7EB84259D730C3AE0851712 /* Pods-QMac.release.xcconfig */ = {isa = PBXFileReference; includeInIndex = 1; lastKnownFileType = text.xcconfig; name = "Pods-QMac.release.xcconfig"; path = "Target Support Files/Pods-QMac/Pods-QMac.release.xcconfig"; sourceTree = "<group>"; };
/* End PBXFileReference section */

/* Begin PBXFrameworksBuildPhase section */
		15DE7B942802C40600454A64 /* Frameworks */ = {
			isa = PBXFrameworksBuildPhase;
			buildActionMask = 2147483647;
			files = (
				153A881C280F19D000A9DA25 /* CoreMedia.framework in Frameworks */,
				153A8831280F1A7700A9DA25 /* MediaPlayer.framework in Frameworks */,
				153A882A280F1A2E00A9DA25 /* Metal.framework in Frameworks */,
				153A8816280F19B900A9DA25 /* CoreAudio.framework in Frameworks */,
				153A8837280F1E5800A9DA25 /* GLUT.framework in Frameworks */,
				153A8826280F1A1400A9DA25 /* VideoToolbox.framework in Frameworks */,
				153A8820280F19EC00A9DA25 /* AVFoundation.framework in Frameworks */,
				153A882F280F1A6D00A9DA25 /* CoreServices.framework in Frameworks */,
				153A8822280F19FB00A9DA25 /* CoreGraphics.framework in Frameworks */,
				153A881E280F19E600A9DA25 /* AudioToolbox.framework in Frameworks */,
				153A8833280F1A7C00A9DA25 /* MediaToolbox.framework in Frameworks */,
				FE5D20CA33F12DBABE301D8F /* Pods_QMac.framework in Frameworks */,
				153A8828280F1A2500A9DA25 /* AppKit.framework in Frameworks */,
				153A881A280F19C700A9DA25 /* OpenGL.framework in Frameworks */,
				153A882B280F1A5200A9DA25 /* GLKit.framework in Frameworks */,
				153A8824280F1A0E00A9DA25 /* CoreVideo.framework in Frameworks */,
				153A882D280F1A5800A9DA25 /* JavaScriptCore.framework in Frameworks */,
			);
			runOnlyForDeploymentPostprocessing = 0;
		};
/* End PBXFrameworksBuildPhase section */

/* Begin PBXGroup section */
		15D995722802D7490003243D /* RouteManager */ = {
			isa = PBXGroup;
			children = (
				15D995732802D7490003243D /* BusinessRouteManager.h */,
				15D995742802D7490003243D /* BusinessRouteManager.m */,
			);
			path = RouteManager;
			sourceTree = "<group>";
		};
		15D995762802D7490003243D /* BusinessEntranceManager */ = {
			isa = PBXGroup;
			children = (
				15D995782802D7490003243D /* BusinessEntranceManager.h */,
				15D995772802D7490003243D /* BusinessEntranceManager.m */,
			);
			path = BusinessEntranceManager;
			sourceTree = "<group>";
		};
		15DE7B8E2802C40600454A64 = {
			isa = PBXGroup;
			children = (
				15DE7B992802C40600454A64 /* QMac */,
				15DE7B982802C40600454A64 /* Products */,
				D6A39EFEFC3226933355A21C /* Pods */,
				E185931C867E0F587E696D61 /* Frameworks */,
			);
			sourceTree = "<group>";
		};
		15DE7B982802C40600454A64 /* Products */ = {
			isa = PBXGroup;
			children = (
				15DE7B972802C40600454A64 /* QMac.app */,
			);
			name = Products;
			sourceTree = "<group>";
		};
		15DE7B992802C40600454A64 /* QMac */ = {
			isa = PBXGroup;
			children = (
				15DE7BA72802C40700454A64 /* QMac.entitlements */,
				15E38E0428030D6B00177020 /* QMac-Bridging-Header.h */,
				15DE7BA52802C40700454A64 /* main.m */,
				15DE7BA02802C40700454A64 /* Assets.xcassets */,
				15DE7BA22802C40700454A64 /* Main.storyboard */,
				15DE7D9A2802C9E900454A64 /* src */,
			);
			path = QMac;
			sourceTree = "<group>";
		};
		15DE7D9A2802C9E900454A64 /* src */ = {
			isa = PBXGroup;
			children = (
				15DE7D9C2802C9F800454A64 /* business */,
				15DE7D9B2802C9F300454A64 /* header */,
			);
			path = src;
			sourceTree = "<group>";
		};
		15DE7D9B2802C9F300454A64 /* header */ = {
			isa = PBXGroup;
			children = (
				15DE7D9D2802CA0B00454A64 /* BusinessHeader.h */,
				15DE7D9E2802CA0B00454A64 /* FrameworkHeader.h */,
			);
			path = header;
			sourceTree = "<group>";
		};
		15DE7D9C2802C9F800454A64 /* business */ = {
			isa = PBXGroup;
			children = (
				15D995712802D7490003243D /* BusinessApplicationDelegate.h */,
				15D995752802D7490003243D /* BusinessApplicationDelegate.m */,
				15D995762802D7490003243D /* BusinessEntranceManager */,
				15E38E0728030D9000177020 /* Launch */,
				15D995722802D7490003243D /* RouteManager */,
				15E38E0B28030F7E00177020 /* VIewControllers */,
			);
			path = business;
			sourceTree = "<group>";
		};
		15E38E0728030D9000177020 /* Launch */ = {
			isa = PBXGroup;
			children = (
				15E38E172803122800177020 /* BusinessLaunchViewController.h */,
				15E38E182803122800177020 /* BusinessLaunchViewController.m */,
				15E38E192803122800177020 /* BusinessLaunchViewController.xib */,
			);
			path = Launch;
			sourceTree = "<group>";
		};
		15E38E0B28030F7E00177020 /* VIewControllers */ = {
			isa = PBXGroup;
			children = (
				15E38E0C28030F8B00177020 /* Home */,
			);
			path = VIewControllers;
			sourceTree = "<group>";
		};
		15E38E0C28030F8B00177020 /* Home */ = {
			isa = PBXGroup;
			children = (
				15E38E0D28030F9E00177020 /* HomeViewController.h */,
				15E38E0E28030F9E00177020 /* HomeViewController.m */,
				15E38E0F28030F9E00177020 /* HomeViewController.xib */,
			);
			path = Home;
			sourceTree = "<group>";
		};
		D6A39EFEFC3226933355A21C /* Pods */ = {
			isa = PBXGroup;
			children = (
				A5A991E88A4572BC72B94594 /* Pods-QMac.debug.xcconfig */,
				F7EB84259D730C3AE0851712 /* Pods-QMac.release.xcconfig */,
			);
			path = Pods;
			sourceTree = "<group>";
		};
		E185931C867E0F587E696D61 /* Frameworks */ = {
			isa = PBXGroup;
			children = (
				153A8836280F1E5800A9DA25 /* GLUT.framework */,
				153A8832280F1A7C00A9DA25 /* MediaToolbox.framework */,
				153A8830280F1A7700A9DA25 /* MediaPlayer.framework */,
				153A882E280F1A6D00A9DA25 /* CoreServices.framework */,
				153A882C280F1A5800A9DA25 /* JavaScriptCore.framework */,
				153A8829280F1A2E00A9DA25 /* Metal.framework */,
				153A8827280F1A2500A9DA25 /* AppKit.framework */,
				153A8825280F1A1400A9DA25 /* VideoToolbox.framework */,
				153A8823280F1A0E00A9DA25 /* CoreVideo.framework */,
				153A8821280F19FB00A9DA25 /* CoreGraphics.framework */,
				153A881F280F19EC00A9DA25 /* AVFoundation.framework */,
				153A881D280F19E600A9DA25 /* AudioToolbox.framework */,
				153A881B280F19D000A9DA25 /* CoreMedia.framework */,
				153A8819280F19C700A9DA25 /* OpenGL.framework */,
				153A8817280F19BF00A9DA25 /* GLKit.framework */,
				153A8815280F19B900A9DA25 /* CoreAudio.framework */,
				870FFFED99CCAB6690CA6403 /* Pods_QMac.framework */,
			);
			name = Frameworks;
			sourceTree = "<group>";
		};
/* End PBXGroup section */

/* Begin PBXNativeTarget section */
		15DE7B962802C40600454A64 /* QMac */ = {
			isa = PBXNativeTarget;
			buildConfigurationList = 15DE7BAA2802C40700454A64 /* Build configuration list for PBXNativeTarget "QMac" */;
			buildPhases = (
				0AF43A94EC98B7B624EDC543 /* [CP] Check Pods Manifest.lock */,
				15DE7B932802C40600454A64 /* Sources */,
				15DE7B942802C40600454A64 /* Frameworks */,
				15DE7B952802C40600454A64 /* Resources */,
				E1012914B476C9FC3D3B32D7 /* [CP] Embed Pods Frameworks */,
			);
			buildRules = (
			);
			dependencies = (
			);
			name = QMac;
			productName = QMac;
			productReference = 15DE7B972802C40600454A64 /* QMac.app */;
			productType = "com.apple.product-type.application";
		};
/* End PBXNativeTarget section */

/* Begin PBXProject section */
		15DE7B8F2802C40600454A64 /* Project object */ = {
			isa = PBXProject;
			attributes = {
				BuildIndependentTargetsInParallel = 1;
				LastUpgradeCheck = 1330;
				TargetAttributes = {
					15DE7B962802C40600454A64 = {
						CreatedOnToolsVersion = 13.3;
						LastSwiftMigration = 1330;
					};
				};
			};
			buildConfigurationList = 15DE7B922802C40600454A64 /* Build configuration list for PBXProject "QMac" */;
			compatibilityVersion = "Xcode 13.0";
			developmentRegion = en;
			hasScannedForEncodings = 0;
			knownRegions = (
				en,
				Base,
				"zh-Hans",
			);
			mainGroup = 15DE7B8E2802C40600454A64;
			productRefGroup = 15DE7B982802C40600454A64 /* Products */;
			projectDirPath = "";
			projectRoot = "";
			targets = (
				15DE7B962802C40600454A64 /* QMac */,
			);
		};
/* End PBXProject section */

/* Begin PBXResourcesBuildPhase section */
		15DE7B952802C40600454A64 /* Resources */ = {
			isa = PBXResourcesBuildPhase;
			buildActionMask = 2147483647;
			files = (
				15E38E1B2803122800177020 /* BusinessLaunchViewController.xib in Resources */,
				15DE7BA12802C40700454A64 /* Assets.xcassets in Resources */,
				15DE7BA42802C40700454A64 /* Main.storyboard in Resources */,
				15E38E1128030F9E00177020 /* HomeViewController.xib in Resources */,
			);
			runOnlyForDeploymentPostprocessing = 0;
		};
/* End PBXResourcesBuildPhase section */

/* Begin PBXShellScriptBuildPhase section */
		0AF43A94EC98B7B624EDC543 /* [CP] Check Pods Manifest.lock */ = {
			isa = PBXShellScriptBuildPhase;
			buildActionMask = 2147483647;
			files = (
			);
			inputFileListPaths = (
			);
			inputPaths = (
				"${PODS_PODFILE_DIR_PATH}/Podfile.lock",
				"${PODS_ROOT}/Manifest.lock",
			);
			name = "[CP] Check Pods Manifest.lock";
			outputFileListPaths = (
			);
			outputPaths = (
				"$(DERIVED_FILE_DIR)/Pods-QMac-checkManifestLockResult.txt",
			);
			runOnlyForDeploymentPostprocessing = 0;
			shellPath = /bin/sh;
			shellScript = "diff \"${PODS_PODFILE_DIR_PATH}/Podfile.lock\" \"${PODS_ROOT}/Manifest.lock\" > /dev/null\nif [ $? != 0 ] ; then\n    # print error to STDERR\n    echo \"error: The sandbox is not in sync with the Podfile.lock. Run 'pod install' or update your CocoaPods installation.\" >&2\n    exit 1\nfi\n# This output is used by Xcode 'outputs' to avoid re-running this script phase.\necho \"SUCCESS\" > \"${SCRIPT_OUTPUT_FILE_0}\"\n";
			showEnvVarsInLog = 0;
		};
		E1012914B476C9FC3D3B32D7 /* [CP] Embed Pods Frameworks */ = {
			isa = PBXShellScriptBuildPhase;
			buildActionMask = 2147483647;
			files = (
			);
			inputFileListPaths = (
				"${PODS_ROOT}/Target Support Files/Pods-QMac/Pods-QMac-frameworks-${CONFIGURATION}-input-files.xcfilelist",
			);
			name = "[CP] Embed Pods Frameworks";
			outputFileListPaths = (
				"${PODS_ROOT}/Target Support Files/Pods-QMac/Pods-QMac-frameworks-${CONFIGURATION}-output-files.xcfilelist",
			);
			runOnlyForDeploymentPostprocessing = 0;
			shellPath = /bin/sh;
			shellScript = "\"${PODS_ROOT}/Target Support Files/Pods-QMac/Pods-QMac-frameworks.sh\"\n";
			showEnvVarsInLog = 0;
		};
/* End PBXShellScriptBuildPhase section */

/* Begin PBXSourcesBuildPhase section */
		15DE7B932802C40600454A64 /* Sources */ = {
			isa = PBXSourcesBuildPhase;
			buildActionMask = 2147483647;
			files = (
				15D9957B2802D7490003243D /* BusinessEntranceManager.m in Sources */,
				15D9957A2802D7490003243D /* BusinessApplicationDelegate.m in Sources */,
				15DE7BA62802C40700454A64 /* main.m in Sources */,
				15D995792802D7490003243D /* BusinessRouteManager.m in Sources */,
				15E38E1028030F9E00177020 /* HomeViewController.m in Sources */,
				15E38E1A2803122800177020 /* BusinessLaunchViewController.m in Sources */,
			);
			runOnlyForDeploymentPostprocessing = 0;
		};
/* End PBXSourcesBuildPhase section */

/* Begin PBXVariantGroup section */
		15DE7BA22802C40700454A64 /* Main.storyboard */ = {
			isa = PBXVariantGroup;
			children = (
				15DE7BA32802C40700454A64 /* Base */,
				15DD641D280335AD000D5D73 /* zh-Hans */,
			);
			name = Main.storyboard;
			sourceTree = "<group>";
		};
/* End PBXVariantGroup section */

/* Begin XCBuildConfiguration section */
		15DE7BA82802C40700454A64 /* Debug */ = {
			isa = XCBuildConfiguration;
			buildSettings = {
				ALWAYS_SEARCH_USER_PATHS = NO;
				CLANG_ANALYZER_LOCALIZABILITY_NONLOCALIZED = YES;
				CLANG_ANALYZER_NONNULL = YES;
				CLANG_ANALYZER_NUMBER_OBJECT_CONVERSION = YES_AGGRESSIVE;
				CLANG_CXX_LANGUAGE_STANDARD = "gnu++17";
				CLANG_ENABLE_MODULES = YES;
				CLANG_ENABLE_OBJC_ARC = YES;
				CLANG_ENABLE_OBJC_WEAK = YES;
				CLANG_WARN_BLOCK_CAPTURE_AUTORELEASING = YES;
				CLANG_WARN_BOOL_CONVERSION = YES;
				CLANG_WARN_COMMA = YES;
				CLANG_WARN_CONSTANT_CONVERSION = YES;
				CLANG_WARN_DEPRECATED_OBJC_IMPLEMENTATIONS = YES;
				CLANG_WARN_DIRECT_OBJC_ISA_USAGE = YES_ERROR;
				CLANG_WARN_DOCUMENTATION_COMMENTS = YES;
				CLANG_WARN_EMPTY_BODY = YES;
				CLANG_WARN_ENUM_CONVERSION = YES;
				CLANG_WARN_INFINITE_RECURSION = YES;
				CLANG_WARN_INT_CONVERSION = YES;
				CLANG_WARN_NON_LITERAL_NULL_CONVERSION = YES;
				CLANG_WARN_OBJC_IMPLICIT_RETAIN_SELF = YES;
				CLANG_WARN_OBJC_LITERAL_CONVERSION = YES;
				CLANG_WARN_OBJC_ROOT_CLASS = YES_ERROR;
				CLANG_WARN_QUOTED_INCLUDE_IN_FRAMEWORK_HEADER = YES;
				CLANG_WARN_RANGE_LOOP_ANALYSIS = YES;
				CLANG_WARN_STRICT_PROTOTYPES = YES;
				CLANG_WARN_SUSPICIOUS_MOVE = YES;
				CLANG_WARN_UNGUARDED_AVAILABILITY = YES_AGGRESSIVE;
				CLANG_WARN_UNREACHABLE_CODE = YES;
				CLANG_WARN__DUPLICATE_METHOD_MATCH = YES;
				COPY_PHASE_STRIP = NO;
				DEBUG_INFORMATION_FORMAT = dwarf;
				ENABLE_STRICT_OBJC_MSGSEND = YES;
				ENABLE_TESTABILITY = YES;
				GCC_C_LANGUAGE_STANDARD = gnu11;
				GCC_DYNAMIC_NO_PIC = NO;
				GCC_NO_COMMON_BLOCKS = YES;
				GCC_OPTIMIZATION_LEVEL = 0;
				GCC_PREPROCESSOR_DEFINITIONS = (
					"DEBUG=1",
					"$(inherited)",
				);
				GCC_WARN_64_TO_32_BIT_CONVERSION = YES;
				GCC_WARN_ABOUT_RETURN_TYPE = YES_ERROR;
				GCC_WARN_UNDECLARED_SELECTOR = YES;
				GCC_WARN_UNINITIALIZED_AUTOS = YES_AGGRESSIVE;
				GCC_WARN_UNUSED_FUNCTION = YES;
				GCC_WARN_UNUSED_VARIABLE = YES;
				MACOSX_DEPLOYMENT_TARGET = 11.0;
				MTL_ENABLE_DEBUG_INFO = INCLUDE_SOURCE;
				MTL_FAST_MATH = YES;
				ONLY_ACTIVE_ARCH = YES;
				SDKROOT = macosx;
			};
			name = Debug;
		};
		15DE7BA92802C40700454A64 /* Release */ = {
			isa = XCBuildConfiguration;
			buildSettings = {
				ALWAYS_SEARCH_USER_PATHS = NO;
				CLANG_ANALYZER_LOCALIZABILITY_NONLOCALIZED = YES;
				CLANG_ANALYZER_NONNULL = YES;
				CLANG_ANALYZER_NUMBER_OBJECT_CONVERSION = YES_AGGRESSIVE;
				CLANG_CXX_LANGUAGE_STANDARD = "gnu++17";
				CLANG_ENABLE_MODULES = YES;
				CLANG_ENABLE_OBJC_ARC = YES;
				CLANG_ENABLE_OBJC_WEAK = YES;
				CLANG_WARN_BLOCK_CAPTURE_AUTORELEASING = YES;
				CLANG_WARN_BOOL_CONVERSION = YES;
				CLANG_WARN_COMMA = YES;
				CLANG_WARN_CONSTANT_CONVERSION = YES;
				CLANG_WARN_DEPRECATED_OBJC_IMPLEMENTATIONS = YES;
				CLANG_WARN_DIRECT_OBJC_ISA_USAGE = YES_ERROR;
				CLANG_WARN_DOCUMENTATION_COMMENTS = YES;
				CLANG_WARN_EMPTY_BODY = YES;
				CLANG_WARN_ENUM_CONVERSION = YES;
				CLANG_WARN_INFINITE_RECURSION = YES;
				CLANG_WARN_INT_CONVERSION = YES;
				CLANG_WARN_NON_LITERAL_NULL_CONVERSION = YES;
				CLANG_WARN_OBJC_IMPLICIT_RETAIN_SELF = YES;
				CLANG_WARN_OBJC_LITERAL_CONVERSION = YES;
				CLANG_WARN_OBJC_ROOT_CLASS = YES_ERROR;
				CLANG_WARN_QUOTED_INCLUDE_IN_FRAMEWORK_HEADER = YES;
				CLANG_WARN_RANGE_LOOP_ANALYSIS = YES;
				CLANG_WARN_STRICT_PROTOTYPES = YES;
				CLANG_WARN_SUSPICIOUS_MOVE = YES;
				CLANG_WARN_UNGUARDED_AVAILABILITY = YES_AGGRESSIVE;
				CLANG_WARN_UNREACHABLE_CODE = YES;
				CLANG_WARN__DUPLICATE_METHOD_MATCH = YES;
				COPY_PHASE_STRIP = NO;
				DEBUG_INFORMATION_FORMAT = "dwarf-with-dsym";
				ENABLE_NS_ASSERTIONS = NO;
				ENABLE_STRICT_OBJC_MSGSEND = YES;
				GCC_C_LANGUAGE_STANDARD = gnu11;
				GCC_NO_COMMON_BLOCKS = YES;
				GCC_WARN_64_TO_32_BIT_CONVERSION = YES;
				GCC_WARN_ABOUT_RETURN_TYPE = YES_ERROR;
				GCC_WARN_UNDECLARED_SELECTOR = YES;
				GCC_WARN_UNINITIALIZED_AUTOS = YES_AGGRESSIVE;
				GCC_WARN_UNUSED_FUNCTION = YES;
				GCC_WARN_UNUSED_VARIABLE = YES;
				MACOSX_DEPLOYMENT_TARGET = 11.0;
				MTL_ENABLE_DEBUG_INFO = NO;
				MTL_FAST_MATH = YES;
				SDKROOT = macosx;
			};
			name = Release;
		};
		15DE7BAB2802C40700454A64 /* Debug */ = {
			isa = XCBuildConfiguration;
			baseConfigurationReference = A5A991E88A4572BC72B94594 /* Pods-QMac.debug.xcconfig */;
			buildSettings = {
				ASSETCATALOG_COMPILER_APPICON_NAME = AppIcon;
				ASSETCATALOG_COMPILER_GLOBAL_ACCENT_COLOR_NAME = AccentColor;
				CLANG_ENABLE_MODULES = YES;
				CODE_SIGN_ENTITLEMENTS = QMac/QMac.entitlements;
				CODE_SIGN_STYLE = Automatic;
				COMBINE_HIDPI_IMAGES = YES;
				CURRENT_PROJECT_VERSION = 1;
				DEVELOPMENT_TEAM = DXFP8TLN85;
				ENABLE_HARDENED_RUNTIME = YES;
				FRAMEWORK_SEARCH_PATHS = "$(inherited)";
				GENERATE_INFOPLIST_FILE = YES;
				HEADER_SEARCH_PATHS = (
					"$(inherited)",
					"$(SRCROOT)/QMac/**",
				);
				INFOPLIST_KEY_NSHumanReadableCopyright = "";
				INFOPLIST_KEY_NSMainStoryboardFile = Main;
				INFOPLIST_KEY_NSPrincipalClass = NSApplication;
				LD_RUNPATH_SEARCH_PATHS = (
					"$(inherited)",
					"@executable_path/../Frameworks",
				);
				MARKETING_VERSION = 1.0;
				PRODUCT_BUNDLE_IDENTIFIER = Q.QMac;
				PRODUCT_NAME = "$(TARGET_NAME)";
				SWIFT_EMIT_LOC_STRINGS = YES;
				SWIFT_OBJC_BRIDGING_HEADER = "QMac/src/business/QMac-Bridging-Header.h";
				SWIFT_OPTIMIZATION_LEVEL = "-Onone";
				SWIFT_VERSION = 4.0;
				SYSTEM_FRAMEWORK_SEARCH_PATHS = "$(inherited)";
				USER_HEADER_SEARCH_PATHS = "$(SRCROOT)/QMac/**";
			};
			name = Debug;
		};
		15DE7BAC2802C40700454A64 /* Release */ = {
			isa = XCBuildConfiguration;
			baseConfigurationReference = F7EB84259D730C3AE0851712 /* Pods-QMac.release.xcconfig */;
			buildSettings = {
				ASSETCATALOG_COMPILER_APPICON_NAME = AppIcon;
				ASSETCATALOG_COMPILER_GLOBAL_ACCENT_COLOR_NAME = AccentColor;
				CLANG_ENABLE_MODULES = YES;
				CODE_SIGN_ENTITLEMENTS = QMac/QMac.entitlements;
				CODE_SIGN_STYLE = Automatic;
				COMBINE_HIDPI_IMAGES = YES;
				CURRENT_PROJECT_VERSION = 1;
				DEVELOPMENT_TEAM = DXFP8TLN85;
				ENABLE_HARDENED_RUNTIME = YES;
				FRAMEWORK_SEARCH_PATHS = "$(inherited)";
				GENERATE_INFOPLIST_FILE = YES;
				HEADER_SEARCH_PATHS = (
					"$(inherited)",
					"$(SRCROOT)/QMac/**",
				);
				INFOPLIST_KEY_NSHumanReadableCopyright = "";
				INFOPLIST_KEY_NSMainStoryboardFile = Main;
				INFOPLIST_KEY_NSPrincipalClass = NSApplication;
				LD_RUNPATH_SEARCH_PATHS = (
					"$(inherited)",
					"@executable_path/../Frameworks",
				);
				MARKETING_VERSION = 1.0;
				PRODUCT_BUNDLE_IDENTIFIER = Q.QMac;
				PRODUCT_NAME = "$(TARGET_NAME)";
				SWIFT_EMIT_LOC_STRINGS = YES;
				SWIFT_OBJC_BRIDGING_HEADER = "QMac/src/business/QMac-Bridging-Header.h";
				SWIFT_VERSION = 4.0;
				SYSTEM_FRAMEWORK_SEARCH_PATHS = "$(inherited)";
				USER_HEADER_SEARCH_PATHS = "$(SRCROOT)/QMac/**";
			};
			name = Release;
		};
/* End XCBuildConfiguration section */

/* Begin XCConfigurationList section */
		15DE7B922802C40600454A64 /* Build configuration list for PBXProject "QMac" */ = {
			isa = XCConfigurationList;
			buildConfigurations = (
				15DE7BA82802C40700454A64 /* Debug */,
				15DE7BA92802C40700454A64 /* Release */,
			);
			defaultConfigurationIsVisible = 0;
			defaultConfigurationName = Release;
		};
		15DE7BAA2802C40700454A64 /* Build configuration list for PBXNativeTarget "QMac" */ = {
			isa = XCConfigurationList;
			buildConfigurations = (
				15DE7BAB2802C40700454A64 /* Debug */,
				15DE7BAC2802C40700454A64 /* Release */,
			);
			defaultConfigurationIsVisible = 0;
			defaultConfigurationName = Release;
		};
/* End XCConfigurationList section */
	};
	rootObject = 15DE7B8F2802C40600454A64 /* Project object */;
}
